
Microsoft Visual Studio Solution File, Format Version 12.00
# Visual Studio 15
VisualStudioVersion = 15.0.28307.2092
MinimumVisualStudioVersion = 10.0.40219.1
Project("{FAE04EC0-301F-11D3-BF4B-00C04F79EFBC}") = "pb1", "pb1\pb1.csproj", "{CEF8EBF4-723B-4ADE-B813-6ADD90D3E1F2}"
EndProject
Global
	GlobalSection(SolutionConfigurationPlatforms) = preSolution
		Debug|Any CPU = Debug|Any CPU
		Release|Any CPU = Release|Any CPU
	EndGlobalSection
	GlobalSection(ProjectConfigurationPlatforms) = postSolution
		{CEF8EBF4-723B-4ADE-B813-6ADD90D3E1F2}.Debug|Any CPU.ActiveCfg = Debug|Any CPU
		{CEF8EBF4-723B-4ADE-B813-6ADD90D3E1F2}.Debug|Any CPU.Build.0 = Debug|Any CPU
		{CEF8EBF4-723B-4ADE-B813-6ADD90D3E1F2}.Release|Any CPU.ActiveCfg = Release|Any CPU
		{CEF8EBF4-723B-4ADE-B813-6ADD90D3E1F2}.Release|Any CPU.Build.0 = Release|Any CPU
	EndGlobalSection
	GlobalSection(SolutionProperties) = preSolution
		HideSolutionNode = FALSE
	EndGlobalSection
	GlobalSection(ExtensibilityGlobals) = postSolution
		SolutionGuid = {6F457067-E1AD-47D3-AFF4-C3C787CCE532}
	EndGlobalSection
EndGlobal
