
Microsoft Visual Studio Solution File, Format Version 12.00
# Visual Studio 15
VisualStudioVersion = 15.0.28307.2092
MinimumVisualStudioVersion = 10.0.40219.1
Project("{FAE04EC0-301F-11D3-BF4B-00C04F79EFBC}") = "pb4", "pb4\pb4.csproj", "{78A15FA2-4810-443D-8A88-A50FB7838244}"
EndProject
Global
	GlobalSection(SolutionConfigurationPlatforms) = preSolution
		Debug|Any CPU = Debug|Any CPU
		Release|Any CPU = Release|Any CPU
	EndGlobalSection
	GlobalSection(ProjectConfigurationPlatforms) = postSolution
		{78A15FA2-4810-443D-8A88-A50FB7838244}.Debug|Any CPU.ActiveCfg = Debug|Any CPU
		{78A15FA2-4810-443D-8A88-A50FB7838244}.Debug|Any CPU.Build.0 = Debug|Any CPU
		{78A15FA2-4810-443D-8A88-A50FB7838244}.Release|Any CPU.ActiveCfg = Release|Any CPU
		{78A15FA2-4810-443D-8A88-A50FB7838244}.Release|Any CPU.Build.0 = Release|Any CPU
	EndGlobalSection
	GlobalSection(SolutionProperties) = preSolution
		HideSolutionNode = FALSE
	EndGlobalSection
	GlobalSection(ExtensibilityGlobals) = postSolution
		SolutionGuid = {99B81C9D-3D93-4467-9BC2-419D753C81EC}
	EndGlobalSection
EndGlobal
