
Microsoft Visual Studio Solution File, Format Version 12.00
# Visual Studio 15
VisualStudioVersion = 15.0.28307.2092
MinimumVisualStudioVersion = 10.0.40219.1
Project("{FAE04EC0-301F-11D3-BF4B-00C04F79EFBC}") = "pb3", "pb3\pb3.csproj", "{520EA3A4-DF0C-4982-B76B-C26F0DEFCEEC}"
EndProject
Global
	GlobalSection(SolutionConfigurationPlatforms) = preSolution
		Debug|Any CPU = Debug|Any CPU
		Release|Any CPU = Release|Any CPU
	EndGlobalSection
	GlobalSection(ProjectConfigurationPlatforms) = postSolution
		{520EA3A4-DF0C-4982-B76B-C26F0DEFCEEC}.Debug|Any CPU.ActiveCfg = Debug|Any CPU
		{520EA3A4-DF0C-4982-B76B-C26F0DEFCEEC}.Debug|Any CPU.Build.0 = Debug|Any CPU
		{520EA3A4-DF0C-4982-B76B-C26F0DEFCEEC}.Release|Any CPU.ActiveCfg = Release|Any CPU
		{520EA3A4-DF0C-4982-B76B-C26F0DEFCEEC}.Release|Any CPU.Build.0 = Release|Any CPU
	EndGlobalSection
	GlobalSection(SolutionProperties) = preSolution
		HideSolutionNode = FALSE
	EndGlobalSection
	GlobalSection(ExtensibilityGlobals) = postSolution
		SolutionGuid = {82F3CF74-1419-46B7-B269-6D0144E12E37}
	EndGlobalSection
EndGlobal
